PODS:
  - Flutter (1.0.0)
  - flutter_audio_capture (0.0.2):
    - Flutter

DEPENDENCIES:
  - Flutter (from `Flutter`)
  - flutter_audio_capture (from `.symlinks/plugins/flutter_audio_capture/ios`)

EXTERNAL SOURCES:
  Flutter:
    :path: Flutter
  flutter_audio_capture:
    :path: ".symlinks/plugins/flutter_audio_capture/ios"

SPEC CHECKSUMS:
  Flutter: 0e3d915762c693b495b44d77113d4970485de6ec
  flutter_audio_capture: b530f3465e0b806dc8a99336dc03800497686b2e

PODFILE CHECKSUM: 4e45c78016ff82e9af26403e0fb4292d1f3f7e87

COCOAPODS: 1.9.3
