PODS:
  - Flutter (1.0.0)
  - flutter_audio_capture (0.0.1):
    - Flutter

DEPENDENCIES:
  - Flutter (from `Flutter`)
  - flutter_audio_capture (from `.symlinks/plugins/flutter_audio_capture/ios`)

EXTERNAL SOURCES:
  Flutter:
    :path: Flutter
  flutter_audio_capture:
    :path: ".symlinks/plugins/flutter_audio_capture/ios"

SPEC CHECKSUMS:
  Flutter: 0e3d915762c693b495b44d77113d4970485de6ec
  flutter_audio_capture: 2237070dd49eef5396eac6414ea47de04270a1e2

PODFILE CHECKSUM: 4e45c78016ff82e9af26403e0fb4292d1f3f7e87

COCOAPODS: 1.9.1
